
Microsoft Visual Studio Solution File, Format Version 12.00
# Visual Studio Version 17
VisualStudioVersion = 17.0.31903.59
MinimumVisualStudioVersion = 10.0.40219.1
Project("{FAE04EC0-301F-11D3-BF4B-00C04F79EFBC}") = "ONYX-RAIN.Api", "ONYX-RAIN.Api\ONYX-RAIN.Api.csproj", "{BF1944A5-AAB9-4A06-AB72-8C86497DAEFA}"
EndProject
Project("{FAE04EC0-301F-11D3-BF4B-00C04F79EFBC}") = "ONYX-RAIN.Domain", "ONYX-RAIN.Domain\ONYX-RAIN.Domain.csproj", "{04229B22-0B00-4CD4-88AA-6F36D436A439}"
EndProject
Project("{FAE04EC0-301F-11D3-BF4B-00C04F79EFBC}") = "ONYX-RAIN.Data", "ONYX-RAIN.Data\ONYX-RAIN.Data.csproj", "{89471AAC-EB38-48F9-BD46-7996145D18BE}"
EndProject
Project("{2150E333-8FDC-42A3-9474-1A3956D46DE8}") = "ONYX-RAIN.Domain", "ONYX-RAIN.Domain", "{96E1DFF7-28C3-4861-98A0-CF6F2FADF2D0}"
EndProject
Project("{2150E333-8FDC-42A3-9474-1A3956D46DE8}") = "tests", "tests", "{83F2025B-14E3-48DE-B521-5AE96AC64A7E}"
EndProject
Project("{FAE04EC0-301F-11D3-BF4B-00C04F79EFBC}") = "ONYX.RAIN.Domain.Tests", "ONYX-RAIN.Domain\tests\ONYX.RAIN.Domain.Tests\ONYX.RAIN.Domain.Tests.csproj", "{FA2BAAD2-F1EB-4AA3-9FC7-6077BA38675F}"
EndProject
Global
	GlobalSection(SolutionConfigurationPlatforms) = preSolution
		Debug|Any CPU = Debug|Any CPU
		Release|Any CPU = Release|Any CPU
	EndGlobalSection
	GlobalSection(SolutionProperties) = preSolution
		HideSolutionNode = FALSE
	EndGlobalSection
	GlobalSection(ProjectConfigurationPlatforms) = postSolution
		{BF1944A5-AAB9-4A06-AB72-8C86497DAEFA}.Debug|Any CPU.ActiveCfg = Debug|Any CPU
		{BF1944A5-AAB9-4A06-AB72-8C86497DAEFA}.Debug|Any CPU.Build.0 = Debug|Any CPU
		{BF1944A5-AAB9-4A06-AB72-8C86497DAEFA}.Release|Any CPU.ActiveCfg = Release|Any CPU
		{BF1944A5-AAB9-4A06-AB72-8C86497DAEFA}.Release|Any CPU.Build.0 = Release|Any CPU
		{04229B22-0B00-4CD4-88AA-6F36D436A439}.Debug|Any CPU.ActiveCfg = Debug|Any CPU
		{04229B22-0B00-4CD4-88AA-6F36D436A439}.Debug|Any CPU.Build.0 = Debug|Any CPU
		{04229B22-0B00-4CD4-88AA-6F36D436A439}.Release|Any CPU.ActiveCfg = Release|Any CPU
		{04229B22-0B00-4CD4-88AA-6F36D436A439}.Release|Any CPU.Build.0 = Release|Any CPU
		{89471AAC-EB38-48F9-BD46-7996145D18BE}.Debug|Any CPU.ActiveCfg = Debug|Any CPU
		{89471AAC-EB38-48F9-BD46-7996145D18BE}.Debug|Any CPU.Build.0 = Debug|Any CPU
		{89471AAC-EB38-48F9-BD46-7996145D18BE}.Release|Any CPU.ActiveCfg = Release|Any CPU
		{89471AAC-EB38-48F9-BD46-7996145D18BE}.Release|Any CPU.Build.0 = Release|Any CPU
		{FA2BAAD2-F1EB-4AA3-9FC7-6077BA38675F}.Debug|Any CPU.ActiveCfg = Debug|Any CPU
		{FA2BAAD2-F1EB-4AA3-9FC7-6077BA38675F}.Debug|Any CPU.Build.0 = Debug|Any CPU
		{FA2BAAD2-F1EB-4AA3-9FC7-6077BA38675F}.Release|Any CPU.ActiveCfg = Release|Any CPU
		{FA2BAAD2-F1EB-4AA3-9FC7-6077BA38675F}.Release|Any CPU.Build.0 = Release|Any CPU
	EndGlobalSection
	GlobalSection(NestedProjects) = preSolution
		{04229B22-0B00-4CD4-88AA-6F36D436A439} = {96E1DFF7-28C3-4861-98A0-CF6F2FADF2D0}
		{83F2025B-14E3-48DE-B521-5AE96AC64A7E} = {96E1DFF7-28C3-4861-98A0-CF6F2FADF2D0}
		{FA2BAAD2-F1EB-4AA3-9FC7-6077BA38675F} = {83F2025B-14E3-48DE-B521-5AE96AC64A7E}
	EndGlobalSection
EndGlobal
