
Microsoft Visual Studio Solution File, Format Version 12.00
# Visual Studio Version 17
VisualStudioVersion = 17.0.31903.59
MinimumVisualStudioVersion = 10.0.40219.1
Project("{FAE04EC0-301F-11D3-BF4B-00C04F79EFBC}") = "ONYX-RAIN.Api", "ONYX-RAIN.Api\ONYX-RAIN.Api.csproj", "{BF1944A5-AAB9-4A06-AB72-8C86497DAEFA}"
EndProject
Project("{FAE04EC0-301F-11D3-BF4B-00C04F79EFBC}") = "ONYX-RAIN.Domain", "ONYX-RAIN.Domain\ONYX-RAIN.Domain.csproj", "{04229B22-0B00-4CD4-88AA-6F36D436A439}"
EndProject
Global
	GlobalSection(SolutionConfigurationPlatforms) = preSolution
		Debug|Any CPU = Debug|Any CPU
		Release|Any CPU = Release|Any CPU
	EndGlobalSection
	GlobalSection(SolutionProperties) = preSolution
		HideSolutionNode = FALSE
	EndGlobalSection
	GlobalSection(ProjectConfigurationPlatforms) = postSolution
		{BF1944A5-AAB9-4A06-AB72-8C86497DAEFA}.Debug|Any CPU.ActiveCfg = Debug|Any CPU
		{BF1944A5-AAB9-4A06-AB72-8C86497DAEFA}.Debug|Any CPU.Build.0 = Debug|Any CPU
		{BF1944A5-AAB9-4A06-AB72-8C86497DAEFA}.Release|Any CPU.ActiveCfg = Release|Any CPU
		{BF1944A5-AAB9-4A06-AB72-8C86497DAEFA}.Release|Any CPU.Build.0 = Release|Any CPU
		{04229B22-0B00-4CD4-88AA-6F36D436A439}.Debug|Any CPU.ActiveCfg = Debug|Any CPU
		{04229B22-0B00-4CD4-88AA-6F36D436A439}.Debug|Any CPU.Build.0 = Debug|Any CPU
		{04229B22-0B00-4CD4-88AA-6F36D436A439}.Release|Any CPU.ActiveCfg = Release|Any CPU
		{04229B22-0B00-4CD4-88AA-6F36D436A439}.Release|Any CPU.Build.0 = Release|Any CPU
	EndGlobalSection
EndGlobal
